
Microsoft Visual Studio Solution File, Format Version 12.00
# Visual Studio Version 17
VisualStudioVersion = 17.1.32210.238
MinimumVisualStudioVersion = 10.0.40219.1
Project("{9A19103F-16F7-4668-BE54-9A1E7A4F7556}") = "pz_005", "pz_5\pz_005.csproj", "{FCAD0FCC-6A9B-4C15-A6FF-0129C42E7EC3}"
EndProject
Project("{9A19103F-16F7-4668-BE54-9A1E7A4F7556}") = "pz_006", "pz_6\pz_006.csproj", "{AA4E6654-148D-4BE6-9C01-53FDA83C8308}"
EndProject
Project("{9A19103F-16F7-4668-BE54-9A1E7A4F7556}") = "pz_008", "pz_8\pz_008.csproj", "{3BA80660-5D3B-4BBB-99DE-7F58A8086111}"
EndProject
Project("{9A19103F-16F7-4668-BE54-9A1E7A4F7556}") = "pz_009", "pz_9\pz_009.csproj", "{83C4E999-2395-4D31-A6C1-E974752EA8AD}"
EndProject
Project("{9A19103F-16F7-4668-BE54-9A1E7A4F7556}") = "pz_010", "pz_10\pz_010.csproj", "{2758C26F-44AF-4928-A3F0-8E7C6F27AA52}"
EndProject
Project("{9A19103F-16F7-4668-BE54-9A1E7A4F7556}") = "pz_011", "pz_011\pz_011.csproj", "{84534284-F589-42E5-A0A9-8AAC47AEE2F9}"
EndProject
Project("{9A19103F-16F7-4668-BE54-9A1E7A4F7556}") = "pz_012", "pz_012\pz_012.csproj", "{63F5C381-FC42-45F5-864C-E77E6633B0E3}"
EndProject
Project("{9A19103F-16F7-4668-BE54-9A1E7A4F7556}") = "pz_014", "pz_014\pz_014.csproj", "{E6C86EDC-AD40-4AE4-8EB3-42039249D76F}"
EndProject
Project("{9A19103F-16F7-4668-BE54-9A1E7A4F7556}") = "ConsoleApp))0)", "ConsoleApp))0)\ConsoleApp))0).csproj", "{33A09039-4A41-4985-8C2E-4CDC6E6AA5A2}"
EndProject
Project("{9A19103F-16F7-4668-BE54-9A1E7A4F7556}") = "pz_015", "pz_015\pz_015.csproj", "{40EECC0E-01FD-4CB5-915E-451E943657E2}"
EndProject
Project("{9A19103F-16F7-4668-BE54-9A1E7A4F7556}") = "pz_016", "pz_016\pz_016.csproj", "{49895751-33E5-4813-92E3-8F3489D888FC}"
EndProject
Project("{9A19103F-16F7-4668-BE54-9A1E7A4F7556}") = "pz_017", "pz_017\pz_017.csproj", "{C2CF8979-A8FC-44C0-B2AB-466A8F48C65E}"
EndProject
Project("{9A19103F-16F7-4668-BE54-9A1E7A4F7556}") = "pz_018", "pz_018\pz_018.csproj", "{5DAFB28F-76E4-4C56-8654-D130952184CE}"
EndProject
Project("{9A19103F-16F7-4668-BE54-9A1E7A4F7556}") = "pz_019_regular_expression", "pz_019_regular_expression\pz_019_regular_expression.csproj", "{A3889736-E801-47E8-8DBD-5DE32D6C8C52}"
EndProject
Project("{9A19103F-16F7-4668-BE54-9A1E7A4F7556}") = "pz_020", "pz_020\pz_020.csproj", "{3C96280C-5AC4-4788-B056-C14C453FA228}"
EndProject
Project("{FAE04EC0-301F-11D3-BF4B-00C04F79EFBC}") = "pz_021", "pz_021\pz_021.csproj", "{903FF353-4769-49FE-BF33-60797F19E162}"
EndProject
Project("{FAE04EC0-301F-11D3-BF4B-00C04F79EFBC}") = "pz_022", "pz_022\pz_022.csproj", "{CC20EB4C-0D48-49C0-8466-53C5650C265F}"
EndProject
Project("{9A19103F-16F7-4668-BE54-9A1E7A4F7556}") = "0delegates", "delegates\0delegates.csproj", "{3DBE5EC2-2A01-47C8-AB01-5FCE37214F1C}"
EndProject
Project("{2150E333-8FDC-42A3-9474-1A3956D46DE8}") = "exercises", "exercises", "{94D52030-09C6-47D0-A448-BCA29786AFE8}"
EndProject
Project("{FAE04EC0-301F-11D3-BF4B-00C04F79EFBC}") = "0lambda_lesson", "lambda_lesson\0lambda_lesson.csproj", "{EEED9F2E-18DC-4E21-B12E-A9FB52D07500}"
EndProject
Global
	GlobalSection(SolutionConfigurationPlatforms) = preSolution
		Debug|Any CPU = Debug|Any CPU
		Release|Any CPU = Release|Any CPU
	EndGlobalSection
	GlobalSection(ProjectConfigurationPlatforms) = postSolution
		{FCAD0FCC-6A9B-4C15-A6FF-0129C42E7EC3}.Debug|Any CPU.ActiveCfg = Debug|Any CPU
		{FCAD0FCC-6A9B-4C15-A6FF-0129C42E7EC3}.Debug|Any CPU.Build.0 = Debug|Any CPU
		{FCAD0FCC-6A9B-4C15-A6FF-0129C42E7EC3}.Release|Any CPU.ActiveCfg = Release|Any CPU
		{FCAD0FCC-6A9B-4C15-A6FF-0129C42E7EC3}.Release|Any CPU.Build.0 = Release|Any CPU
		{AA4E6654-148D-4BE6-9C01-53FDA83C8308}.Debug|Any CPU.ActiveCfg = Debug|Any CPU
		{AA4E6654-148D-4BE6-9C01-53FDA83C8308}.Debug|Any CPU.Build.0 = Debug|Any CPU
		{AA4E6654-148D-4BE6-9C01-53FDA83C8308}.Release|Any CPU.ActiveCfg = Release|Any CPU
		{AA4E6654-148D-4BE6-9C01-53FDA83C8308}.Release|Any CPU.Build.0 = Release|Any CPU
		{3BA80660-5D3B-4BBB-99DE-7F58A8086111}.Debug|Any CPU.ActiveCfg = Debug|Any CPU
		{3BA80660-5D3B-4BBB-99DE-7F58A8086111}.Debug|Any CPU.Build.0 = Debug|Any CPU
		{3BA80660-5D3B-4BBB-99DE-7F58A8086111}.Release|Any CPU.ActiveCfg = Release|Any CPU
		{3BA80660-5D3B-4BBB-99DE-7F58A8086111}.Release|Any CPU.Build.0 = Release|Any CPU
		{83C4E999-2395-4D31-A6C1-E974752EA8AD}.Debug|Any CPU.ActiveCfg = Debug|Any CPU
		{83C4E999-2395-4D31-A6C1-E974752EA8AD}.Debug|Any CPU.Build.0 = Debug|Any CPU
		{83C4E999-2395-4D31-A6C1-E974752EA8AD}.Release|Any CPU.ActiveCfg = Release|Any CPU
		{83C4E999-2395-4D31-A6C1-E974752EA8AD}.Release|Any CPU.Build.0 = Release|Any CPU
		{2758C26F-44AF-4928-A3F0-8E7C6F27AA52}.Debug|Any CPU.ActiveCfg = Debug|Any CPU
		{2758C26F-44AF-4928-A3F0-8E7C6F27AA52}.Debug|Any CPU.Build.0 = Debug|Any CPU
		{2758C26F-44AF-4928-A3F0-8E7C6F27AA52}.Release|Any CPU.ActiveCfg = Release|Any CPU
		{2758C26F-44AF-4928-A3F0-8E7C6F27AA52}.Release|Any CPU.Build.0 = Release|Any CPU
		{84534284-F589-42E5-A0A9-8AAC47AEE2F9}.Debug|Any CPU.ActiveCfg = Debug|Any CPU
		{84534284-F589-42E5-A0A9-8AAC47AEE2F9}.Debug|Any CPU.Build.0 = Debug|Any CPU
		{84534284-F589-42E5-A0A9-8AAC47AEE2F9}.Release|Any CPU.ActiveCfg = Release|Any CPU
		{84534284-F589-42E5-A0A9-8AAC47AEE2F9}.Release|Any CPU.Build.0 = Release|Any CPU
		{63F5C381-FC42-45F5-864C-E77E6633B0E3}.Debug|Any CPU.ActiveCfg = Debug|Any CPU
		{63F5C381-FC42-45F5-864C-E77E6633B0E3}.Debug|Any CPU.Build.0 = Debug|Any CPU
		{63F5C381-FC42-45F5-864C-E77E6633B0E3}.Release|Any CPU.ActiveCfg = Release|Any CPU
		{63F5C381-FC42-45F5-864C-E77E6633B0E3}.Release|Any CPU.Build.0 = Release|Any CPU
		{E6C86EDC-AD40-4AE4-8EB3-42039249D76F}.Debug|Any CPU.ActiveCfg = Debug|Any CPU
		{E6C86EDC-AD40-4AE4-8EB3-42039249D76F}.Debug|Any CPU.Build.0 = Debug|Any CPU
		{E6C86EDC-AD40-4AE4-8EB3-42039249D76F}.Release|Any CPU.ActiveCfg = Release|Any CPU
		{E6C86EDC-AD40-4AE4-8EB3-42039249D76F}.Release|Any CPU.Build.0 = Release|Any CPU
		{33A09039-4A41-4985-8C2E-4CDC6E6AA5A2}.Debug|Any CPU.ActiveCfg = Debug|Any CPU
		{33A09039-4A41-4985-8C2E-4CDC6E6AA5A2}.Debug|Any CPU.Build.0 = Debug|Any CPU
		{33A09039-4A41-4985-8C2E-4CDC6E6AA5A2}.Release|Any CPU.ActiveCfg = Release|Any CPU
		{33A09039-4A41-4985-8C2E-4CDC6E6AA5A2}.Release|Any CPU.Build.0 = Release|Any CPU
		{40EECC0E-01FD-4CB5-915E-451E943657E2}.Debug|Any CPU.ActiveCfg = Debug|Any CPU
		{40EECC0E-01FD-4CB5-915E-451E943657E2}.Debug|Any CPU.Build.0 = Debug|Any CPU
		{40EECC0E-01FD-4CB5-915E-451E943657E2}.Release|Any CPU.ActiveCfg = Release|Any CPU
		{40EECC0E-01FD-4CB5-915E-451E943657E2}.Release|Any CPU.Build.0 = Release|Any CPU
		{49895751-33E5-4813-92E3-8F3489D888FC}.Debug|Any CPU.ActiveCfg = Debug|Any CPU
		{49895751-33E5-4813-92E3-8F3489D888FC}.Debug|Any CPU.Build.0 = Debug|Any CPU
		{49895751-33E5-4813-92E3-8F3489D888FC}.Release|Any CPU.ActiveCfg = Release|Any CPU
		{49895751-33E5-4813-92E3-8F3489D888FC}.Release|Any CPU.Build.0 = Release|Any CPU
		{C2CF8979-A8FC-44C0-B2AB-466A8F48C65E}.Debug|Any CPU.ActiveCfg = Debug|Any CPU
		{C2CF8979-A8FC-44C0-B2AB-466A8F48C65E}.Debug|Any CPU.Build.0 = Debug|Any CPU
		{C2CF8979-A8FC-44C0-B2AB-466A8F48C65E}.Release|Any CPU.ActiveCfg = Release|Any CPU
		{C2CF8979-A8FC-44C0-B2AB-466A8F48C65E}.Release|Any CPU.Build.0 = Release|Any CPU
		{5DAFB28F-76E4-4C56-8654-D130952184CE}.Debug|Any CPU.ActiveCfg = Debug|Any CPU
		{5DAFB28F-76E4-4C56-8654-D130952184CE}.Debug|Any CPU.Build.0 = Debug|Any CPU
		{5DAFB28F-76E4-4C56-8654-D130952184CE}.Release|Any CPU.ActiveCfg = Release|Any CPU
		{5DAFB28F-76E4-4C56-8654-D130952184CE}.Release|Any CPU.Build.0 = Release|Any CPU
		{A3889736-E801-47E8-8DBD-5DE32D6C8C52}.Debug|Any CPU.ActiveCfg = Debug|Any CPU
		{A3889736-E801-47E8-8DBD-5DE32D6C8C52}.Debug|Any CPU.Build.0 = Debug|Any CPU
		{A3889736-E801-47E8-8DBD-5DE32D6C8C52}.Release|Any CPU.ActiveCfg = Release|Any CPU
		{A3889736-E801-47E8-8DBD-5DE32D6C8C52}.Release|Any CPU.Build.0 = Release|Any CPU
		{3C96280C-5AC4-4788-B056-C14C453FA228}.Debug|Any CPU.ActiveCfg = Debug|Any CPU
		{3C96280C-5AC4-4788-B056-C14C453FA228}.Debug|Any CPU.Build.0 = Debug|Any CPU
		{3C96280C-5AC4-4788-B056-C14C453FA228}.Release|Any CPU.ActiveCfg = Release|Any CPU
		{3C96280C-5AC4-4788-B056-C14C453FA228}.Release|Any CPU.Build.0 = Release|Any CPU
		{903FF353-4769-49FE-BF33-60797F19E162}.Debug|Any CPU.ActiveCfg = Debug|Any CPU
		{903FF353-4769-49FE-BF33-60797F19E162}.Debug|Any CPU.Build.0 = Debug|Any CPU
		{903FF353-4769-49FE-BF33-60797F19E162}.Release|Any CPU.ActiveCfg = Release|Any CPU
		{903FF353-4769-49FE-BF33-60797F19E162}.Release|Any CPU.Build.0 = Release|Any CPU
		{CC20EB4C-0D48-49C0-8466-53C5650C265F}.Debug|Any CPU.ActiveCfg = Debug|Any CPU
		{CC20EB4C-0D48-49C0-8466-53C5650C265F}.Debug|Any CPU.Build.0 = Debug|Any CPU
		{CC20EB4C-0D48-49C0-8466-53C5650C265F}.Release|Any CPU.ActiveCfg = Release|Any CPU
		{CC20EB4C-0D48-49C0-8466-53C5650C265F}.Release|Any CPU.Build.0 = Release|Any CPU
		{3DBE5EC2-2A01-47C8-AB01-5FCE37214F1C}.Debug|Any CPU.ActiveCfg = Debug|Any CPU
		{3DBE5EC2-2A01-47C8-AB01-5FCE37214F1C}.Debug|Any CPU.Build.0 = Debug|Any CPU
		{3DBE5EC2-2A01-47C8-AB01-5FCE37214F1C}.Release|Any CPU.ActiveCfg = Release|Any CPU
		{3DBE5EC2-2A01-47C8-AB01-5FCE37214F1C}.Release|Any CPU.Build.0 = Release|Any CPU
		{EEED9F2E-18DC-4E21-B12E-A9FB52D07500}.Debug|Any CPU.ActiveCfg = Debug|Any CPU
		{EEED9F2E-18DC-4E21-B12E-A9FB52D07500}.Debug|Any CPU.Build.0 = Debug|Any CPU
		{EEED9F2E-18DC-4E21-B12E-A9FB52D07500}.Release|Any CPU.ActiveCfg = Release|Any CPU
		{EEED9F2E-18DC-4E21-B12E-A9FB52D07500}.Release|Any CPU.Build.0 = Release|Any CPU
	EndGlobalSection
	GlobalSection(SolutionProperties) = preSolution
		HideSolutionNode = FALSE
	EndGlobalSection
	GlobalSection(NestedProjects) = preSolution
		{3DBE5EC2-2A01-47C8-AB01-5FCE37214F1C} = {94D52030-09C6-47D0-A448-BCA29786AFE8}
		{EEED9F2E-18DC-4E21-B12E-A9FB52D07500} = {94D52030-09C6-47D0-A448-BCA29786AFE8}
	EndGlobalSection
	GlobalSection(ExtensibilityGlobals) = postSolution
		SolutionGuid = {0E6AF82A-A62F-4757-8AFC-3539F77E853A}
	EndGlobalSection
EndGlobal
