
Microsoft Visual Studio Solution File, Format Version 12.00
# Visual Studio Version 16
VisualStudioVersion = 16.0.31702.278
MinimumVisualStudioVersion = 10.0.40219.1
Project("{9A19103F-16F7-4668-BE54-9A1E7A4F7556}") = "pz_005", "pz_5\pz_005.csproj", "{FCAD0FCC-6A9B-4C15-A6FF-0129C42E7EC3}"
EndProject
Project("{9A19103F-16F7-4668-BE54-9A1E7A4F7556}") = "pz_006", "pz_6\pz_006.csproj", "{AA4E6654-148D-4BE6-9C01-53FDA83C8308}"
EndProject
Project("{9A19103F-16F7-4668-BE54-9A1E7A4F7556}") = "pz_008", "pz_8\pz_008.csproj", "{3BA80660-5D3B-4BBB-99DE-7F58A8086111}"
EndProject
Project("{9A19103F-16F7-4668-BE54-9A1E7A4F7556}") = "pz_009", "pz_9\pz_009.csproj", "{83C4E999-2395-4D31-A6C1-E974752EA8AD}"
EndProject
Project("{9A19103F-16F7-4668-BE54-9A1E7A4F7556}") = "pz_010", "pz_10\pz_010.csproj", "{2758C26F-44AF-4928-A3F0-8E7C6F27AA52}"
EndProject
Project("{9A19103F-16F7-4668-BE54-9A1E7A4F7556}") = "pz_011", "pz_011\pz_011.csproj", "{84534284-F589-42E5-A0A9-8AAC47AEE2F9}"
EndProject
Project("{FAE04EC0-301F-11D3-BF4B-00C04F79EFBC}") = "pz_012", "pz_012\pz_012.csproj", "{63F5C381-FC42-45F5-864C-E77E6633B0E3}"
EndProject
Global
	GlobalSection(SolutionConfigurationPlatforms) = preSolution
		Debug|Any CPU = Debug|Any CPU
		Release|Any CPU = Release|Any CPU
	EndGlobalSection
	GlobalSection(ProjectConfigurationPlatforms) = postSolution
		{FCAD0FCC-6A9B-4C15-A6FF-0129C42E7EC3}.Debug|Any CPU.ActiveCfg = Debug|Any CPU
		{FCAD0FCC-6A9B-4C15-A6FF-0129C42E7EC3}.Debug|Any CPU.Build.0 = Debug|Any CPU
		{FCAD0FCC-6A9B-4C15-A6FF-0129C42E7EC3}.Release|Any CPU.ActiveCfg = Release|Any CPU
		{FCAD0FCC-6A9B-4C15-A6FF-0129C42E7EC3}.Release|Any CPU.Build.0 = Release|Any CPU
		{AA4E6654-148D-4BE6-9C01-53FDA83C8308}.Debug|Any CPU.ActiveCfg = Debug|Any CPU
		{AA4E6654-148D-4BE6-9C01-53FDA83C8308}.Debug|Any CPU.Build.0 = Debug|Any CPU
		{AA4E6654-148D-4BE6-9C01-53FDA83C8308}.Release|Any CPU.ActiveCfg = Release|Any CPU
		{AA4E6654-148D-4BE6-9C01-53FDA83C8308}.Release|Any CPU.Build.0 = Release|Any CPU
		{3BA80660-5D3B-4BBB-99DE-7F58A8086111}.Debug|Any CPU.ActiveCfg = Debug|Any CPU
		{3BA80660-5D3B-4BBB-99DE-7F58A8086111}.Debug|Any CPU.Build.0 = Debug|Any CPU
		{3BA80660-5D3B-4BBB-99DE-7F58A8086111}.Release|Any CPU.ActiveCfg = Release|Any CPU
		{3BA80660-5D3B-4BBB-99DE-7F58A8086111}.Release|Any CPU.Build.0 = Release|Any CPU
		{83C4E999-2395-4D31-A6C1-E974752EA8AD}.Debug|Any CPU.ActiveCfg = Debug|Any CPU
		{83C4E999-2395-4D31-A6C1-E974752EA8AD}.Debug|Any CPU.Build.0 = Debug|Any CPU
		{83C4E999-2395-4D31-A6C1-E974752EA8AD}.Release|Any CPU.ActiveCfg = Release|Any CPU
		{83C4E999-2395-4D31-A6C1-E974752EA8AD}.Release|Any CPU.Build.0 = Release|Any CPU
		{2758C26F-44AF-4928-A3F0-8E7C6F27AA52}.Debug|Any CPU.ActiveCfg = Debug|Any CPU
		{2758C26F-44AF-4928-A3F0-8E7C6F27AA52}.Debug|Any CPU.Build.0 = Debug|Any CPU
		{2758C26F-44AF-4928-A3F0-8E7C6F27AA52}.Release|Any CPU.ActiveCfg = Release|Any CPU
		{2758C26F-44AF-4928-A3F0-8E7C6F27AA52}.Release|Any CPU.Build.0 = Release|Any CPU
		{84534284-F589-42E5-A0A9-8AAC47AEE2F9}.Debug|Any CPU.ActiveCfg = Debug|Any CPU
		{84534284-F589-42E5-A0A9-8AAC47AEE2F9}.Debug|Any CPU.Build.0 = Debug|Any CPU
		{84534284-F589-42E5-A0A9-8AAC47AEE2F9}.Release|Any CPU.ActiveCfg = Release|Any CPU
		{84534284-F589-42E5-A0A9-8AAC47AEE2F9}.Release|Any CPU.Build.0 = Release|Any CPU
		{63F5C381-FC42-45F5-864C-E77E6633B0E3}.Debug|Any CPU.ActiveCfg = Debug|Any CPU
		{63F5C381-FC42-45F5-864C-E77E6633B0E3}.Debug|Any CPU.Build.0 = Debug|Any CPU
		{63F5C381-FC42-45F5-864C-E77E6633B0E3}.Release|Any CPU.ActiveCfg = Release|Any CPU
		{63F5C381-FC42-45F5-864C-E77E6633B0E3}.Release|Any CPU.Build.0 = Release|Any CPU
	EndGlobalSection
	GlobalSection(SolutionProperties) = preSolution
		HideSolutionNode = FALSE
	EndGlobalSection
	GlobalSection(ExtensibilityGlobals) = postSolution
		SolutionGuid = {0E6AF82A-A62F-4757-8AFC-3539F77E853A}
	EndGlobalSection
EndGlobal
